
Microsoft Visual Studio Solution File, Format Version 12.00
# Visual Studio Version 17
VisualStudioVersion = 17.7.34031.279
MinimumVisualStudioVersion = 10.0.40219.1
Project("{FAE04EC0-301F-11D3-BF4B-00C04F79EFBC}") = "NUEVO", "NUEVO.csproj", "{BB59A34A-0E41-4F2A-BA6B-D4C52A53531E}"
EndProject
Global
	GlobalSection(SolutionConfigurationPlatforms) = preSolution
		Debug|Any CPU = Debug|Any CPU
		Release|Any CPU = Release|Any CPU
	EndGlobalSection
	GlobalSection(ProjectConfigurationPlatforms) = postSolution
		{BB59A34A-0E41-4F2A-BA6B-D4C52A53531E}.Debug|Any CPU.ActiveCfg = Debug|Any CPU
		{BB59A34A-0E41-4F2A-BA6B-D4C52A53531E}.Debug|Any CPU.Build.0 = Debug|Any CPU
		{BB59A34A-0E41-4F2A-BA6B-D4C52A53531E}.Release|Any CPU.ActiveCfg = Release|Any CPU
		{BB59A34A-0E41-4F2A-BA6B-D4C52A53531E}.Release|Any CPU.Build.0 = Release|Any CPU
	EndGlobalSection
	GlobalSection(SolutionProperties) = preSolution
		HideSolutionNode = FALSE
	EndGlobalSection
	GlobalSection(ExtensibilityGlobals) = postSolution
		SolutionGuid = {74CB97D7-978A-449C-AC16-E3BF895265EA}
	EndGlobalSection
EndGlobal
